
Microsoft Visual Studio Solution File, Format Version 12.00
# Visual Studio Version 16
VisualStudioVersion = 16.0.32929.386
MinimumVisualStudioVersion = 10.0.40219.1
Project("{F184B08F-C81C-45F6-A57F-5ABD9991F28F}") = "Parcial1", "WindowsApp1\Parcial1.vbproj", "{D06EA0FB-99E5-4978-9E1C-21016D11BB79}"
EndProject
Global
	GlobalSection(SolutionConfigurationPlatforms) = preSolution
		Debug|Any CPU = Debug|Any CPU
		Release|Any CPU = Release|Any CPU
	EndGlobalSection
	GlobalSection(ProjectConfigurationPlatforms) = postSolution
		{D06EA0FB-99E5-4978-9E1C-21016D11BB79}.Debug|Any CPU.ActiveCfg = Debug|Any CPU
		{D06EA0FB-99E5-4978-9E1C-21016D11BB79}.Debug|Any CPU.Build.0 = Debug|Any CPU
		{D06EA0FB-99E5-4978-9E1C-21016D11BB79}.Release|Any CPU.ActiveCfg = Release|Any CPU
		{D06EA0FB-99E5-4978-9E1C-21016D11BB79}.Release|Any CPU.Build.0 = Release|Any CPU
	EndGlobalSection
	GlobalSection(SolutionProperties) = preSolution
		HideSolutionNode = FALSE
	EndGlobalSection
	GlobalSection(ExtensibilityGlobals) = postSolution
		SolutionGuid = {9DA5D2ED-85C7-4EDB-A7D7-1BA3E5DDDE12}
	EndGlobalSection
EndGlobal
